
Microsoft Visual Studio Solution File, Format Version 12.00
# Visual Studio 14
VisualStudioVersion = 14.0.25420.1
MinimumVisualStudioVersion = 10.0.40219.1
Project("{FAE04EC0-301F-11D3-BF4B-00C04F79EFBC}") = "MstdnAPI", "MstdnAPI\MstdnAPI\MstdnAPI.csproj", "{7C702E8B-6BCE-4AEC-A553-CEF38583CF26}"
EndProject
Project("{FAE04EC0-301F-11D3-BF4B-00C04F79EFBC}") = "MstdnAPI.Droid", "MstdnAPI\MstdnAPI.Droid\MstdnAPI.Droid.csproj", "{21717686-7F20-4C1E-8348-D882259008BB}"
EndProject
Project("{FAE04EC0-301F-11D3-BF4B-00C04F79EFBC}") = "MstdnAPI.iOS", "MstdnAPI\MstdnAPI.iOS\MstdnAPI.iOS.csproj", "{D777959A-3571-43BA-8EA0-A228250D79B4}"
EndProject
Global
	GlobalSection(SolutionConfigurationPlatforms) = preSolution
		Ad-Hoc|Any CPU = Ad-Hoc|Any CPU
		Ad-Hoc|ARM = Ad-Hoc|ARM
		Ad-Hoc|iPhone = Ad-Hoc|iPhone
		Ad-Hoc|iPhoneSimulator = Ad-Hoc|iPhoneSimulator
		Ad-Hoc|x64 = Ad-Hoc|x64
		Ad-Hoc|x86 = Ad-Hoc|x86
		AppStore|Any CPU = AppStore|Any CPU
		AppStore|ARM = AppStore|ARM
		AppStore|iPhone = AppStore|iPhone
		AppStore|iPhoneSimulator = AppStore|iPhoneSimulator
		AppStore|x64 = AppStore|x64
		AppStore|x86 = AppStore|x86
		Debug|Any CPU = Debug|Any CPU
		Debug|ARM = Debug|ARM
		Debug|iPhone = Debug|iPhone
		Debug|iPhoneSimulator = Debug|iPhoneSimulator
		Debug|x64 = Debug|x64
		Debug|x86 = Debug|x86
		Release|Any CPU = Release|Any CPU
		Release|ARM = Release|ARM
		Release|iPhone = Release|iPhone
		Release|iPhoneSimulator = Release|iPhoneSimulator
		Release|x64 = Release|x64
		Release|x86 = Release|x86
	EndGlobalSection
	GlobalSection(ProjectConfigurationPlatforms) = postSolution
		{7C702E8B-6BCE-4AEC-A553-CEF38583CF26}.Ad-Hoc|Any CPU.ActiveCfg = Release|Any CPU
		{7C702E8B-6BCE-4AEC-A553-CEF38583CF26}.Ad-Hoc|Any CPU.Build.0 = Release|Any CPU
		{7C702E8B-6BCE-4AEC-A553-CEF38583CF26}.Ad-Hoc|ARM.ActiveCfg = Release|Any CPU
		{7C702E8B-6BCE-4AEC-A553-CEF38583CF26}.Ad-Hoc|ARM.Build.0 = Release|Any CPU
		{7C702E8B-6BCE-4AEC-A553-CEF38583CF26}.Ad-Hoc|iPhone.ActiveCfg = Release|Any CPU
		{7C702E8B-6BCE-4AEC-A553-CEF38583CF26}.Ad-Hoc|iPhone.Build.0 = Release|Any CPU
		{7C702E8B-6BCE-4AEC-A553-CEF38583CF26}.Ad-Hoc|iPhoneSimulator.ActiveCfg = Release|Any CPU
		{7C702E8B-6BCE-4AEC-A553-CEF38583CF26}.Ad-Hoc|iPhoneSimulator.Build.0 = Release|Any CPU
		{7C702E8B-6BCE-4AEC-A553-CEF38583CF26}.Ad-Hoc|x64.ActiveCfg = Release|Any CPU
		{7C702E8B-6BCE-4AEC-A553-CEF38583CF26}.Ad-Hoc|x64.Build.0 = Release|Any CPU
		{7C702E8B-6BCE-4AEC-A553-CEF38583CF26}.Ad-Hoc|x86.ActiveCfg = Release|Any CPU
		{7C702E8B-6BCE-4AEC-A553-CEF38583CF26}.Ad-Hoc|x86.Build.0 = Release|Any CPU
		{7C702E8B-6BCE-4AEC-A553-CEF38583CF26}.AppStore|Any CPU.ActiveCfg = Release|Any CPU
		{7C702E8B-6BCE-4AEC-A553-CEF38583CF26}.AppStore|Any CPU.Build.0 = Release|Any CPU
		{7C702E8B-6BCE-4AEC-A553-CEF38583CF26}.AppStore|ARM.ActiveCfg = Release|Any CPU
		{7C702E8B-6BCE-4AEC-A553-CEF38583CF26}.AppStore|ARM.Build.0 = Release|Any CPU
		{7C702E8B-6BCE-4AEC-A553-CEF38583CF26}.AppStore|iPhone.ActiveCfg = Release|Any CPU
		{7C702E8B-6BCE-4AEC-A553-CEF38583CF26}.AppStore|iPhone.Build.0 = Release|Any CPU
		{7C702E8B-6BCE-4AEC-A553-CEF38583CF26}.AppStore|iPhoneSimulator.ActiveCfg = Release|Any CPU
		{7C702E8B-6BCE-4AEC-A553-CEF38583CF26}.AppStore|iPhoneSimulator.Build.0 = Release|Any CPU
		{7C702E8B-6BCE-4AEC-A553-CEF38583CF26}.AppStore|x64.ActiveCfg = Release|Any CPU
		{7C702E8B-6BCE-4AEC-A553-CEF38583CF26}.AppStore|x64.Build.0 = Release|Any CPU
		{7C702E8B-6BCE-4AEC-A553-CEF38583CF26}.AppStore|x86.ActiveCfg = Release|Any CPU
		{7C702E8B-6BCE-4AEC-A553-CEF38583CF26}.AppStore|x86.Build.0 = Release|Any CPU
		{7C702E8B-6BCE-4AEC-A553-CEF38583CF26}.Debug|Any CPU.ActiveCfg = Debug|Any CPU
		{7C702E8B-6BCE-4AEC-A553-CEF38583CF26}.Debug|Any CPU.Build.0 = Debug|Any CPU
		{7C702E8B-6BCE-4AEC-A553-CEF38583CF26}.Debug|ARM.ActiveCfg = Debug|Any CPU
		{7C702E8B-6BCE-4AEC-A553-CEF38583CF26}.Debug|ARM.Build.0 = Debug|Any CPU
		{7C702E8B-6BCE-4AEC-A553-CEF38583CF26}.Debug|iPhone.ActiveCfg = Debug|Any CPU
		{7C702E8B-6BCE-4AEC-A553-CEF38583CF26}.Debug|iPhone.Build.0 = Debug|Any CPU
		{7C702E8B-6BCE-4AEC-A553-CEF38583CF26}.Debug|iPhoneSimulator.ActiveCfg = Debug|Any CPU
		{7C702E8B-6BCE-4AEC-A553-CEF38583CF26}.Debug|iPhoneSimulator.Build.0 = Debug|Any CPU
		{7C702E8B-6BCE-4AEC-A553-CEF38583CF26}.Debug|x64.ActiveCfg = Debug|Any CPU
		{7C702E8B-6BCE-4AEC-A553-CEF38583CF26}.Debug|x64.Build.0 = Debug|Any CPU
		{7C702E8B-6BCE-4AEC-A553-CEF38583CF26}.Debug|x86.ActiveCfg = Debug|Any CPU
		{7C702E8B-6BCE-4AEC-A553-CEF38583CF26}.Debug|x86.Build.0 = Debug|Any CPU
		{7C702E8B-6BCE-4AEC-A553-CEF38583CF26}.Release|Any CPU.ActiveCfg = Release|Any CPU
		{7C702E8B-6BCE-4AEC-A553-CEF38583CF26}.Release|Any CPU.Build.0 = Release|Any CPU
		{7C702E8B-6BCE-4AEC-A553-CEF38583CF26}.Release|ARM.ActiveCfg = Release|Any CPU
		{7C702E8B-6BCE-4AEC-A553-CEF38583CF26}.Release|ARM.Build.0 = Release|Any CPU
		{7C702E8B-6BCE-4AEC-A553-CEF38583CF26}.Release|iPhone.ActiveCfg = Release|Any CPU
		{7C702E8B-6BCE-4AEC-A553-CEF38583CF26}.Release|iPhone.Build.0 = Release|Any CPU
		{7C702E8B-6BCE-4AEC-A553-CEF38583CF26}.Release|iPhoneSimulator.ActiveCfg = Release|Any CPU
		{7C702E8B-6BCE-4AEC-A553-CEF38583CF26}.Release|iPhoneSimulator.Build.0 = Release|Any CPU
		{7C702E8B-6BCE-4AEC-A553-CEF38583CF26}.Release|x64.ActiveCfg = Release|Any CPU
		{7C702E8B-6BCE-4AEC-A553-CEF38583CF26}.Release|x64.Build.0 = Release|Any CPU
		{7C702E8B-6BCE-4AEC-A553-CEF38583CF26}.Release|x86.ActiveCfg = Release|Any CPU
		{7C702E8B-6BCE-4AEC-A553-CEF38583CF26}.Release|x86.Build.0 = Release|Any CPU
		{21717686-7F20-4C1E-8348-D882259008BB}.Ad-Hoc|Any CPU.ActiveCfg = Release|Any CPU
		{21717686-7F20-4C1E-8348-D882259008BB}.Ad-Hoc|Any CPU.Build.0 = Release|Any CPU
		{21717686-7F20-4C1E-8348-D882259008BB}.Ad-Hoc|Any CPU.Deploy.0 = Release|Any CPU
		{21717686-7F20-4C1E-8348-D882259008BB}.Ad-Hoc|ARM.ActiveCfg = Release|Any CPU
		{21717686-7F20-4C1E-8348-D882259008BB}.Ad-Hoc|ARM.Build.0 = Release|Any CPU
		{21717686-7F20-4C1E-8348-D882259008BB}.Ad-Hoc|ARM.Deploy.0 = Release|Any CPU
		{21717686-7F20-4C1E-8348-D882259008BB}.Ad-Hoc|iPhone.ActiveCfg = Release|Any CPU
		{21717686-7F20-4C1E-8348-D882259008BB}.Ad-Hoc|iPhone.Build.0 = Release|Any CPU
		{21717686-7F20-4C1E-8348-D882259008BB}.Ad-Hoc|iPhone.Deploy.0 = Release|Any CPU
		{21717686-7F20-4C1E-8348-D882259008BB}.Ad-Hoc|iPhoneSimulator.ActiveCfg = Release|Any CPU
		{21717686-7F20-4C1E-8348-D882259008BB}.Ad-Hoc|iPhoneSimulator.Build.0 = Release|Any CPU
		{21717686-7F20-4C1E-8348-D882259008BB}.Ad-Hoc|iPhoneSimulator.Deploy.0 = Release|Any CPU
		{21717686-7F20-4C1E-8348-D882259008BB}.Ad-Hoc|x64.ActiveCfg = Release|Any CPU
		{21717686-7F20-4C1E-8348-D882259008BB}.Ad-Hoc|x64.Build.0 = Release|Any CPU
		{21717686-7F20-4C1E-8348-D882259008BB}.Ad-Hoc|x64.Deploy.0 = Release|Any CPU
		{21717686-7F20-4C1E-8348-D882259008BB}.Ad-Hoc|x86.ActiveCfg = Release|Any CPU
		{21717686-7F20-4C1E-8348-D882259008BB}.Ad-Hoc|x86.Build.0 = Release|Any CPU
		{21717686-7F20-4C1E-8348-D882259008BB}.Ad-Hoc|x86.Deploy.0 = Release|Any CPU
		{21717686-7F20-4C1E-8348-D882259008BB}.AppStore|Any CPU.ActiveCfg = Release|Any CPU
		{21717686-7F20-4C1E-8348-D882259008BB}.AppStore|Any CPU.Build.0 = Release|Any CPU
		{21717686-7F20-4C1E-8348-D882259008BB}.AppStore|Any CPU.Deploy.0 = Release|Any CPU
		{21717686-7F20-4C1E-8348-D882259008BB}.AppStore|ARM.ActiveCfg = Release|Any CPU
		{21717686-7F20-4C1E-8348-D882259008BB}.AppStore|ARM.Build.0 = Release|Any CPU
		{21717686-7F20-4C1E-8348-D882259008BB}.AppStore|ARM.Deploy.0 = Release|Any CPU
		{21717686-7F20-4C1E-8348-D882259008BB}.AppStore|iPhone.ActiveCfg = Release|Any CPU
		{21717686-7F20-4C1E-8348-D882259008BB}.AppStore|iPhone.Build.0 = Release|Any CPU
		{21717686-7F20-4C1E-8348-D882259008BB}.AppStore|iPhone.Deploy.0 = Release|Any CPU
		{21717686-7F20-4C1E-8348-D882259008BB}.AppStore|iPhoneSimulator.ActiveCfg = Release|Any CPU
		{21717686-7F20-4C1E-8348-D882259008BB}.AppStore|iPhoneSimulator.Build.0 = Release|Any CPU
		{21717686-7F20-4C1E-8348-D882259008BB}.AppStore|iPhoneSimulator.Deploy.0 = Release|Any CPU
		{21717686-7F20-4C1E-8348-D882259008BB}.AppStore|x64.ActiveCfg = Release|Any CPU
		{21717686-7F20-4C1E-8348-D882259008BB}.AppStore|x64.Build.0 = Release|Any CPU
		{21717686-7F20-4C1E-8348-D882259008BB}.AppStore|x64.Deploy.0 = Release|Any CPU
		{21717686-7F20-4C1E-8348-D882259008BB}.AppStore|x86.ActiveCfg = Release|Any CPU
		{21717686-7F20-4C1E-8348-D882259008BB}.AppStore|x86.Build.0 = Release|Any CPU
		{21717686-7F20-4C1E-8348-D882259008BB}.AppStore|x86.Deploy.0 = Release|Any CPU
		{21717686-7F20-4C1E-8348-D882259008BB}.Debug|Any CPU.ActiveCfg = Debug|Any CPU
		{21717686-7F20-4C1E-8348-D882259008BB}.Debug|Any CPU.Build.0 = Debug|Any CPU
		{21717686-7F20-4C1E-8348-D882259008BB}.Debug|Any CPU.Deploy.0 = Debug|Any CPU
		{21717686-7F20-4C1E-8348-D882259008BB}.Debug|ARM.ActiveCfg = Debug|Any CPU
		{21717686-7F20-4C1E-8348-D882259008BB}.Debug|ARM.Build.0 = Debug|Any CPU
		{21717686-7F20-4C1E-8348-D882259008BB}.Debug|ARM.Deploy.0 = Debug|Any CPU
		{21717686-7F20-4C1E-8348-D882259008BB}.Debug|iPhone.ActiveCfg = Debug|Any CPU
		{21717686-7F20-4C1E-8348-D882259008BB}.Debug|iPhone.Build.0 = Debug|Any CPU
		{21717686-7F20-4C1E-8348-D882259008BB}.Debug|iPhone.Deploy.0 = Debug|Any CPU
		{21717686-7F20-4C1E-8348-D882259008BB}.Debug|iPhoneSimulator.ActiveCfg = Debug|Any CPU
		{21717686-7F20-4C1E-8348-D882259008BB}.Debug|iPhoneSimulator.Build.0 = Debug|Any CPU
		{21717686-7F20-4C1E-8348-D882259008BB}.Debug|iPhoneSimulator.Deploy.0 = Debug|Any CPU
		{21717686-7F20-4C1E-8348-D882259008BB}.Debug|x64.ActiveCfg = Debug|Any CPU
		{21717686-7F20-4C1E-8348-D882259008BB}.Debug|x64.Build.0 = Debug|Any CPU
		{21717686-7F20-4C1E-8348-D882259008BB}.Debug|x64.Deploy.0 = Debug|Any CPU
		{21717686-7F20-4C1E-8348-D882259008BB}.Debug|x86.ActiveCfg = Debug|Any CPU
		{21717686-7F20-4C1E-8348-D882259008BB}.Debug|x86.Build.0 = Debug|Any CPU
		{21717686-7F20-4C1E-8348-D882259008BB}.Debug|x86.Deploy.0 = Debug|Any CPU
		{21717686-7F20-4C1E-8348-D882259008BB}.Release|Any CPU.ActiveCfg = Release|Any CPU
		{21717686-7F20-4C1E-8348-D882259008BB}.Release|Any CPU.Build.0 = Release|Any CPU
		{21717686-7F20-4C1E-8348-D882259008BB}.Release|Any CPU.Deploy.0 = Release|Any CPU
		{21717686-7F20-4C1E-8348-D882259008BB}.Release|ARM.ActiveCfg = Release|Any CPU
		{21717686-7F20-4C1E-8348-D882259008BB}.Release|ARM.Build.0 = Release|Any CPU
		{21717686-7F20-4C1E-8348-D882259008BB}.Release|ARM.Deploy.0 = Release|Any CPU
		{21717686-7F20-4C1E-8348-D882259008BB}.Release|iPhone.ActiveCfg = Release|Any CPU
		{21717686-7F20-4C1E-8348-D882259008BB}.Release|iPhone.Build.0 = Release|Any CPU
		{21717686-7F20-4C1E-8348-D882259008BB}.Release|iPhone.Deploy.0 = Release|Any CPU
		{21717686-7F20-4C1E-8348-D882259008BB}.Release|iPhoneSimulator.ActiveCfg = Release|Any CPU
		{21717686-7F20-4C1E-8348-D882259008BB}.Release|iPhoneSimulator.Build.0 = Release|Any CPU
		{21717686-7F20-4C1E-8348-D882259008BB}.Release|iPhoneSimulator.Deploy.0 = Release|Any CPU
		{21717686-7F20-4C1E-8348-D882259008BB}.Release|x64.ActiveCfg = Release|Any CPU
		{21717686-7F20-4C1E-8348-D882259008BB}.Release|x64.Build.0 = Release|Any CPU
		{21717686-7F20-4C1E-8348-D882259008BB}.Release|x64.Deploy.0 = Release|Any CPU
		{21717686-7F20-4C1E-8348-D882259008BB}.Release|x86.ActiveCfg = Release|Any CPU
		{21717686-7F20-4C1E-8348-D882259008BB}.Release|x86.Build.0 = Release|Any CPU
		{21717686-7F20-4C1E-8348-D882259008BB}.Release|x86.Deploy.0 = Release|Any CPU
		{D777959A-3571-43BA-8EA0-A228250D79B4}.Ad-Hoc|Any CPU.ActiveCfg = Ad-Hoc|iPhone
		{D777959A-3571-43BA-8EA0-A228250D79B4}.Ad-Hoc|ARM.ActiveCfg = Ad-Hoc|iPhone
		{D777959A-3571-43BA-8EA0-A228250D79B4}.Ad-Hoc|iPhone.ActiveCfg = Ad-Hoc|iPhone
		{D777959A-3571-43BA-8EA0-A228250D79B4}.Ad-Hoc|iPhone.Build.0 = Ad-Hoc|iPhone
		{D777959A-3571-43BA-8EA0-A228250D79B4}.Ad-Hoc|iPhoneSimulator.ActiveCfg = Ad-Hoc|iPhoneSimulator
		{D777959A-3571-43BA-8EA0-A228250D79B4}.Ad-Hoc|iPhoneSimulator.Build.0 = Ad-Hoc|iPhoneSimulator
		{D777959A-3571-43BA-8EA0-A228250D79B4}.Ad-Hoc|x64.ActiveCfg = Ad-Hoc|iPhone
		{D777959A-3571-43BA-8EA0-A228250D79B4}.Ad-Hoc|x86.ActiveCfg = Ad-Hoc|iPhone
		{D777959A-3571-43BA-8EA0-A228250D79B4}.AppStore|Any CPU.ActiveCfg = AppStore|iPhone
		{D777959A-3571-43BA-8EA0-A228250D79B4}.AppStore|ARM.ActiveCfg = AppStore|iPhone
		{D777959A-3571-43BA-8EA0-A228250D79B4}.AppStore|iPhone.ActiveCfg = AppStore|iPhone
		{D777959A-3571-43BA-8EA0-A228250D79B4}.AppStore|iPhone.Build.0 = AppStore|iPhone
		{D777959A-3571-43BA-8EA0-A228250D79B4}.AppStore|iPhoneSimulator.ActiveCfg = AppStore|iPhoneSimulator
		{D777959A-3571-43BA-8EA0-A228250D79B4}.AppStore|iPhoneSimulator.Build.0 = AppStore|iPhoneSimulator
		{D777959A-3571-43BA-8EA0-A228250D79B4}.AppStore|x64.ActiveCfg = AppStore|iPhone
		{D777959A-3571-43BA-8EA0-A228250D79B4}.AppStore|x86.ActiveCfg = AppStore|iPhone
		{D777959A-3571-43BA-8EA0-A228250D79B4}.Debug|Any CPU.ActiveCfg = Debug|iPhone
		{D777959A-3571-43BA-8EA0-A228250D79B4}.Debug|ARM.ActiveCfg = Debug|iPhone
		{D777959A-3571-43BA-8EA0-A228250D79B4}.Debug|iPhone.ActiveCfg = Debug|iPhone
		{D777959A-3571-43BA-8EA0-A228250D79B4}.Debug|iPhone.Build.0 = Debug|iPhone
		{D777959A-3571-43BA-8EA0-A228250D79B4}.Debug|iPhoneSimulator.ActiveCfg = Debug|iPhoneSimulator
		{D777959A-3571-43BA-8EA0-A228250D79B4}.Debug|iPhoneSimulator.Build.0 = Debug|iPhoneSimulator
		{D777959A-3571-43BA-8EA0-A228250D79B4}.Debug|x64.ActiveCfg = Debug|iPhone
		{D777959A-3571-43BA-8EA0-A228250D79B4}.Debug|x86.ActiveCfg = Debug|iPhone
		{D777959A-3571-43BA-8EA0-A228250D79B4}.Release|Any CPU.ActiveCfg = Release|iPhone
		{D777959A-3571-43BA-8EA0-A228250D79B4}.Release|ARM.ActiveCfg = Release|iPhone
		{D777959A-3571-43BA-8EA0-A228250D79B4}.Release|iPhone.ActiveCfg = Release|iPhone
		{D777959A-3571-43BA-8EA0-A228250D79B4}.Release|iPhone.Build.0 = Release|iPhone
		{D777959A-3571-43BA-8EA0-A228250D79B4}.Release|iPhoneSimulator.ActiveCfg = Release|iPhoneSimulator
		{D777959A-3571-43BA-8EA0-A228250D79B4}.Release|iPhoneSimulator.Build.0 = Release|iPhoneSimulator
		{D777959A-3571-43BA-8EA0-A228250D79B4}.Release|x64.ActiveCfg = Release|iPhone
		{D777959A-3571-43BA-8EA0-A228250D79B4}.Release|x86.ActiveCfg = Release|iPhone
	EndGlobalSection
	GlobalSection(SolutionProperties) = preSolution
		HideSolutionNode = FALSE
	EndGlobalSection
EndGlobal
